
Microsoft Visual Studio Solution File, Format Version 12.00
Project("{2150E333-8FDC-42A3-9474-1A3956D46DE8}") = "BlogService", "BlogService", "{95D4098A-9442-416E-88CB-6D33E2212405}"
EndProject
Project("{FAE04EC0-301F-11D3-BF4B-00C04F79EFBC}") = "BlogService.API", "BlogService\BlogService.API\BlogService.API.csproj", "{7D6D09E7-D99B-4017-9BA6-B482A2AF16EB}"
EndProject
Project("{FAE04EC0-301F-11D3-BF4B-00C04F79EFBC}") = "BlogService.Application", "BlogService\BlogService.Application\BlogService.Application.csproj", "{6EA38FDE-B8B3-4070-B02A-012EEBA48BCC}"
EndProject
Project("{FAE04EC0-301F-11D3-BF4B-00C04F79EFBC}") = "BlogService.Infrastructure", "BlogService\BlogService.Infrastructure\BlogService.Infrastructure.csproj", "{0CD81634-8D52-4958-9A3C-0AF3D100859A}"
EndProject
Project("{FAE04EC0-301F-11D3-BF4B-00C04F79EFBC}") = "BlogService.Domain", "BlogService\BlogService.Domain\BlogService.Domain.csproj", "{9662224B-D9C5-4665-906B-916D462209F3}"
EndProject
Project("{2150E333-8FDC-42A3-9474-1A3956D46DE8}") = "DiscussionService", "DiscussionService", "{88B5134D-D806-4AE2-98B9-D9070E1F4902}"
EndProject
Project("{FAE04EC0-301F-11D3-BF4B-00C04F79EFBC}") = "DiscussionService.API", "DiscussionService.API\DiscussionService.API.csproj", "{9A3793AD-FABB-49BF-976A-FA2AA5284DEA}"
EndProject
Project("{2150E333-8FDC-42A3-9474-1A3956D46DE8}") = "Shared", "Shared", "{FA4B91AA-403B-4343-8781-208FD7345C7F}"
EndProject
Project("{FAE04EC0-301F-11D3-BF4B-00C04F79EFBC}") = "Shared.API", "Shared.API\Shared.API.csproj", "{7EF4AFEB-A5DB-41E9-B3EA-3359C8DE241D}"
EndProject
Project("{FAE04EC0-301F-11D3-BF4B-00C04F79EFBC}") = "Shared.Application", "Shared.Application\Shared.Application.csproj", "{5D4759EE-252E-41E8-BD64-CD90B5456B60}"
EndProject
Project("{FAE04EC0-301F-11D3-BF4B-00C04F79EFBC}") = "Shared.Domain", "Shared.Domain\Shared.Domain.csproj", "{4DA75FBF-A735-4044-B270-5775A8B4329C}"
EndProject
Project("{FAE04EC0-301F-11D3-BF4B-00C04F79EFBC}") = "DiscussionService.Application", "DiscussionService.Application\DiscussionService.Application.csproj", "{7AA0E979-D9B9-4372-9999-161B4A2FA3D5}"
EndProject
Project("{FAE04EC0-301F-11D3-BF4B-00C04F79EFBC}") = "DiscussionService.Domain", "DiscussionService.Domain\DiscussionService.Domain.csproj", "{2B72CEF0-BA03-4713-9A78-5CA260637EBD}"
EndProject
Project("{FAE04EC0-301F-11D3-BF4B-00C04F79EFBC}") = "DiscussionService.Infrastructure", "DiscussionService.Infrastructure\DiscussionService.Infrastructure.csproj", "{DC5F6496-D041-48AB-B491-B4A9547E02D6}"
EndProject
Project("{FAE04EC0-301F-11D3-BF4B-00C04F79EFBC}") = "Shared.Infrastructure", "Shared.Infrastructure\Shared.Infrastructure.csproj", "{D26BBECE-E23F-4750-A6EB-558DEF24CEF5}"
EndProject
Global
	GlobalSection(SolutionConfigurationPlatforms) = preSolution
		Debug|Any CPU = Debug|Any CPU
		Release|Any CPU = Release|Any CPU
	EndGlobalSection
	GlobalSection(NestedProjects) = preSolution
		{7D6D09E7-D99B-4017-9BA6-B482A2AF16EB} = {95D4098A-9442-416E-88CB-6D33E2212405}
		{6EA38FDE-B8B3-4070-B02A-012EEBA48BCC} = {95D4098A-9442-416E-88CB-6D33E2212405}
		{0CD81634-8D52-4958-9A3C-0AF3D100859A} = {95D4098A-9442-416E-88CB-6D33E2212405}
		{9662224B-D9C5-4665-906B-916D462209F3} = {95D4098A-9442-416E-88CB-6D33E2212405}
		{9A3793AD-FABB-49BF-976A-FA2AA5284DEA} = {88B5134D-D806-4AE2-98B9-D9070E1F4902}
		{7EF4AFEB-A5DB-41E9-B3EA-3359C8DE241D} = {FA4B91AA-403B-4343-8781-208FD7345C7F}
		{5D4759EE-252E-41E8-BD64-CD90B5456B60} = {FA4B91AA-403B-4343-8781-208FD7345C7F}
		{4DA75FBF-A735-4044-B270-5775A8B4329C} = {FA4B91AA-403B-4343-8781-208FD7345C7F}
		{7AA0E979-D9B9-4372-9999-161B4A2FA3D5} = {88B5134D-D806-4AE2-98B9-D9070E1F4902}
		{2B72CEF0-BA03-4713-9A78-5CA260637EBD} = {88B5134D-D806-4AE2-98B9-D9070E1F4902}
		{DC5F6496-D041-48AB-B491-B4A9547E02D6} = {88B5134D-D806-4AE2-98B9-D9070E1F4902}
		{D26BBECE-E23F-4750-A6EB-558DEF24CEF5} = {FA4B91AA-403B-4343-8781-208FD7345C7F}
	EndGlobalSection
	GlobalSection(ProjectConfigurationPlatforms) = postSolution
		{7D6D09E7-D99B-4017-9BA6-B482A2AF16EB}.Debug|Any CPU.ActiveCfg = Debug|Any CPU
		{7D6D09E7-D99B-4017-9BA6-B482A2AF16EB}.Debug|Any CPU.Build.0 = Debug|Any CPU
		{7D6D09E7-D99B-4017-9BA6-B482A2AF16EB}.Release|Any CPU.ActiveCfg = Release|Any CPU
		{7D6D09E7-D99B-4017-9BA6-B482A2AF16EB}.Release|Any CPU.Build.0 = Release|Any CPU
		{6EA38FDE-B8B3-4070-B02A-012EEBA48BCC}.Debug|Any CPU.ActiveCfg = Debug|Any CPU
		{6EA38FDE-B8B3-4070-B02A-012EEBA48BCC}.Debug|Any CPU.Build.0 = Debug|Any CPU
		{6EA38FDE-B8B3-4070-B02A-012EEBA48BCC}.Release|Any CPU.ActiveCfg = Release|Any CPU
		{6EA38FDE-B8B3-4070-B02A-012EEBA48BCC}.Release|Any CPU.Build.0 = Release|Any CPU
		{0CD81634-8D52-4958-9A3C-0AF3D100859A}.Debug|Any CPU.ActiveCfg = Debug|Any CPU
		{0CD81634-8D52-4958-9A3C-0AF3D100859A}.Debug|Any CPU.Build.0 = Debug|Any CPU
		{0CD81634-8D52-4958-9A3C-0AF3D100859A}.Release|Any CPU.ActiveCfg = Release|Any CPU
		{0CD81634-8D52-4958-9A3C-0AF3D100859A}.Release|Any CPU.Build.0 = Release|Any CPU
		{9662224B-D9C5-4665-906B-916D462209F3}.Debug|Any CPU.ActiveCfg = Debug|Any CPU
		{9662224B-D9C5-4665-906B-916D462209F3}.Debug|Any CPU.Build.0 = Debug|Any CPU
		{9662224B-D9C5-4665-906B-916D462209F3}.Release|Any CPU.ActiveCfg = Release|Any CPU
		{9662224B-D9C5-4665-906B-916D462209F3}.Release|Any CPU.Build.0 = Release|Any CPU
		{9A3793AD-FABB-49BF-976A-FA2AA5284DEA}.Debug|Any CPU.ActiveCfg = Debug|Any CPU
		{9A3793AD-FABB-49BF-976A-FA2AA5284DEA}.Debug|Any CPU.Build.0 = Debug|Any CPU
		{9A3793AD-FABB-49BF-976A-FA2AA5284DEA}.Release|Any CPU.ActiveCfg = Release|Any CPU
		{9A3793AD-FABB-49BF-976A-FA2AA5284DEA}.Release|Any CPU.Build.0 = Release|Any CPU
		{7EF4AFEB-A5DB-41E9-B3EA-3359C8DE241D}.Debug|Any CPU.ActiveCfg = Debug|Any CPU
		{7EF4AFEB-A5DB-41E9-B3EA-3359C8DE241D}.Debug|Any CPU.Build.0 = Debug|Any CPU
		{7EF4AFEB-A5DB-41E9-B3EA-3359C8DE241D}.Release|Any CPU.ActiveCfg = Release|Any CPU
		{7EF4AFEB-A5DB-41E9-B3EA-3359C8DE241D}.Release|Any CPU.Build.0 = Release|Any CPU
		{5D4759EE-252E-41E8-BD64-CD90B5456B60}.Debug|Any CPU.ActiveCfg = Debug|Any CPU
		{5D4759EE-252E-41E8-BD64-CD90B5456B60}.Debug|Any CPU.Build.0 = Debug|Any CPU
		{5D4759EE-252E-41E8-BD64-CD90B5456B60}.Release|Any CPU.ActiveCfg = Release|Any CPU
		{5D4759EE-252E-41E8-BD64-CD90B5456B60}.Release|Any CPU.Build.0 = Release|Any CPU
		{4DA75FBF-A735-4044-B270-5775A8B4329C}.Debug|Any CPU.ActiveCfg = Debug|Any CPU
		{4DA75FBF-A735-4044-B270-5775A8B4329C}.Debug|Any CPU.Build.0 = Debug|Any CPU
		{4DA75FBF-A735-4044-B270-5775A8B4329C}.Release|Any CPU.ActiveCfg = Release|Any CPU
		{4DA75FBF-A735-4044-B270-5775A8B4329C}.Release|Any CPU.Build.0 = Release|Any CPU
		{7AA0E979-D9B9-4372-9999-161B4A2FA3D5}.Debug|Any CPU.ActiveCfg = Debug|Any CPU
		{7AA0E979-D9B9-4372-9999-161B4A2FA3D5}.Debug|Any CPU.Build.0 = Debug|Any CPU
		{7AA0E979-D9B9-4372-9999-161B4A2FA3D5}.Release|Any CPU.ActiveCfg = Release|Any CPU
		{7AA0E979-D9B9-4372-9999-161B4A2FA3D5}.Release|Any CPU.Build.0 = Release|Any CPU
		{2B72CEF0-BA03-4713-9A78-5CA260637EBD}.Debug|Any CPU.ActiveCfg = Debug|Any CPU
		{2B72CEF0-BA03-4713-9A78-5CA260637EBD}.Debug|Any CPU.Build.0 = Debug|Any CPU
		{2B72CEF0-BA03-4713-9A78-5CA260637EBD}.Release|Any CPU.ActiveCfg = Release|Any CPU
		{2B72CEF0-BA03-4713-9A78-5CA260637EBD}.Release|Any CPU.Build.0 = Release|Any CPU
		{DC5F6496-D041-48AB-B491-B4A9547E02D6}.Debug|Any CPU.ActiveCfg = Debug|Any CPU
		{DC5F6496-D041-48AB-B491-B4A9547E02D6}.Debug|Any CPU.Build.0 = Debug|Any CPU
		{DC5F6496-D041-48AB-B491-B4A9547E02D6}.Release|Any CPU.ActiveCfg = Release|Any CPU
		{DC5F6496-D041-48AB-B491-B4A9547E02D6}.Release|Any CPU.Build.0 = Release|Any CPU
		{D26BBECE-E23F-4750-A6EB-558DEF24CEF5}.Debug|Any CPU.ActiveCfg = Debug|Any CPU
		{D26BBECE-E23F-4750-A6EB-558DEF24CEF5}.Debug|Any CPU.Build.0 = Debug|Any CPU
		{D26BBECE-E23F-4750-A6EB-558DEF24CEF5}.Release|Any CPU.ActiveCfg = Release|Any CPU
		{D26BBECE-E23F-4750-A6EB-558DEF24CEF5}.Release|Any CPU.Build.0 = Release|Any CPU
	EndGlobalSection
EndGlobal
